
Microsoft Visual Studio Solution File, Format Version 12.00
# Visual Studio Version 16
VisualStudioVersion = 16.0.30104.148
MinimumVisualStudioVersion = 10.0.40219.1
Project("{FAE04EC0-301F-11D3-BF4B-00C04F79EFBC}") = "BinayTreeConsole", "BinayTreeConsole.csproj", "{1BC2BC76-4ACA-45CE-8E93-7DB19325C60B}"
EndProject
Global
	GlobalSection(SolutionConfigurationPlatforms) = preSolution
		Debug|Any CPU = Debug|Any CPU
		Release|Any CPU = Release|Any CPU
	EndGlobalSection
	GlobalSection(ProjectConfigurationPlatforms) = postSolution
		{1BC2BC76-4ACA-45CE-8E93-7DB19325C60B}.Debug|Any CPU.ActiveCfg = Debug|Any CPU
		{1BC2BC76-4ACA-45CE-8E93-7DB19325C60B}.Debug|Any CPU.Build.0 = Debug|Any CPU
		{1BC2BC76-4ACA-45CE-8E93-7DB19325C60B}.Release|Any CPU.ActiveCfg = Release|Any CPU
		{1BC2BC76-4ACA-45CE-8E93-7DB19325C60B}.Release|Any CPU.Build.0 = Release|Any CPU
	EndGlobalSection
	GlobalSection(SolutionProperties) = preSolution
		HideSolutionNode = FALSE
	EndGlobalSection
	GlobalSection(ExtensibilityGlobals) = postSolution
		SolutionGuid = {6BB06D34-BBB6-4A9D-84B6-2EA011CC1FD9}
	EndGlobalSection
EndGlobal
